
Microsoft Visual Studio Solution File, Format Version 12.00
# Visual Studio Version 17
VisualStudioVersion = 17.0.31919.166
MinimumVisualStudioVersion = 10.0.40219.1
Project("{FAE04EC0-301F-11D3-BF4B-00C04F79EFBC}") = "RedisStreamReader", "RedisStreamReader\RedisStreamReader.csproj", "{ED9A5C05-1F4A-4DFA-9719-A90EE5B7E743}"
EndProject
Project("{2150E333-8FDC-42A3-9474-1A3956D46DE8}") = "Solution Items", "Solution Items", "{9DE769C6-F249-4CE2-8143-F707ABB2E979}"
	ProjectSection(SolutionItems) = preProject
		README.md = README.md
	EndProjectSection
EndProject
Global
	GlobalSection(SolutionConfigurationPlatforms) = preSolution
		Debug|Any CPU = Debug|Any CPU
		Release|Any CPU = Release|Any CPU
	EndGlobalSection
	GlobalSection(ProjectConfigurationPlatforms) = postSolution
		{ED9A5C05-1F4A-4DFA-9719-A90EE5B7E743}.Debug|Any CPU.ActiveCfg = Debug|Any CPU
		{ED9A5C05-1F4A-4DFA-9719-A90EE5B7E743}.Debug|Any CPU.Build.0 = Debug|Any CPU
		{ED9A5C05-1F4A-4DFA-9719-A90EE5B7E743}.Release|Any CPU.ActiveCfg = Release|Any CPU
		{ED9A5C05-1F4A-4DFA-9719-A90EE5B7E743}.Release|Any CPU.Build.0 = Release|Any CPU
	EndGlobalSection
	GlobalSection(SolutionProperties) = preSolution
		HideSolutionNode = FALSE
	EndGlobalSection
	GlobalSection(ExtensibilityGlobals) = postSolution
		SolutionGuid = {EE8E7BEB-7444-4A25-A273-D61EC7441E30}
	EndGlobalSection
EndGlobal
